// !$*UTF8*$!
{
	archiveVersion = 1;
	classes = {
	};
	objectVersion = 46;
	objects = {

/* Begin PBXBuildFile section */
		A349A3661D21E50800B5E8C9 /* Level1.sks in Resources */ = {isa = PBXBuildFile; fileRef = A349A3651D21E50800B5E8C9 /* Level1.sks */; };
		A349A3691D232E8E00B5E8C9 /* SealExplosion.sks in Resources */ = {isa = PBXBuildFile; fileRef = A349A3671D232E8E00B5E8C9 /* SealExplosion.sks */; };
		A349A36A1D232E8E00B5E8C9 /* spark.png in Resources */ = {isa = PBXBuildFile; fileRef = A349A3681D232E8E00B5E8C9 /* spark.png */; };
		A349A36D1D2330FD00B5E8C9 /* sfx_seal.caf in Resources */ = {isa = PBXBuildFile; fileRef = A349A36C1D2330FD00B5E8C9 /* sfx_seal.caf */; };
		A36B0E071D20E40800BD10C4 /* AppDelegate.swift in Sources */ = {isa = PBXBuildFile; fileRef = A36B0E061D20E40800BD10C4 /* AppDelegate.swift */; };
		A36B0E091D20E40800BD10C4 /* GameScene.sks in Resources */ = {isa = PBXBuildFile; fileRef = A36B0E081D20E40800BD10C4 /* GameScene.sks */; };
		A36B0E0B1D20E40800BD10C4 /* GameScene.swift in Sources */ = {isa = PBXBuildFile; fileRef = A36B0E0A1D20E40800BD10C4 /* GameScene.swift */; };
		A36B0E0D1D20E40800BD10C4 /* GameViewController.swift in Sources */ = {isa = PBXBuildFile; fileRef = A36B0E0C1D20E40800BD10C4 /* GameViewController.swift */; };
		A36B0E101D20E40800BD10C4 /* Main.storyboard in Resources */ = {isa = PBXBuildFile; fileRef = A36B0E0E1D20E40800BD10C4 /* Main.storyboard */; };
		A36B0E121D20E40900BD10C4 /* Assets.xcassets in Resources */ = {isa = PBXBuildFile; fileRef = A36B0E111D20E40900BD10C4 /* Assets.xcassets */; };
		A36B0E151D20E40900BD10C4 /* LaunchScreen.storyboard in Resources */ = {isa = PBXBuildFile; fileRef = A36B0E131D20E40900BD10C4 /* LaunchScreen.storyboard */; };
		A36B0E201D20E40900BD10C4 /* PeevedPenguinsTests.swift in Sources */ = {isa = PBXBuildFile; fileRef = A36B0E1F1D20E40900BD10C4 /* PeevedPenguinsTests.swift */; };
		A36B0E2B1D20E40900BD10C4 /* PeevedPenguinsUITests.swift in Sources */ = {isa = PBXBuildFile; fileRef = A36B0E2A1D20E40900BD10C4 /* PeevedPenguinsUITests.swift */; };
		A36B0E391D2185A300BD10C4 /* assets.atlas in Resources */ = {isa = PBXBuildFile; fileRef = A36B0E381D2185A300BD10C4 /* assets.atlas */; };
		A36B0E3B1D21867000BD10C4 /* Bear.sks in Resources */ = {isa = PBXBuildFile; fileRef = A36B0E3A1D21867000BD10C4 /* Bear.sks */; };
		A3B670A01D2189FF0022E6B4 /* CharacterActions.sks in Resources */ = {isa = PBXBuildFile; fileRef = A3B6709F1D2189FF0022E6B4 /* CharacterActions.sks */; };
		A3B670A21D218D7B0022E6B4 /* Penguin.sks in Resources */ = {isa = PBXBuildFile; fileRef = A3B670A11D218D7B0022E6B4 /* Penguin.sks */; };
		A3B670A41D218FF40022E6B4 /* nodes.swift in Sources */ = {isa = PBXBuildFile; fileRef = A3B670A31D218FF40022E6B4 /* nodes.swift */; };
		A3B670A61D2190AE0022E6B4 /* Seal.sks in Resources */ = {isa = PBXBuildFile; fileRef = A3B670A51D2190AE0022E6B4 /* Seal.sks */; };
		A3B670A91D21943F0022E6B4 /* MainScene.sks in Resources */ = {isa = PBXBuildFile; fileRef = A3B670A81D21943F0022E6B4 /* MainScene.sks */; };
		A3B670AB1D21961F0022E6B4 /* MSButtonNode.swift in Sources */ = {isa = PBXBuildFile; fileRef = A3B670AA1D21961F0022E6B4 /* MSButtonNode.swift */; };
		A3B670AD1D2198200022E6B4 /* MainScene.swift in Sources */ = {isa = PBXBuildFile; fileRef = A3B670AC1D2198200022E6B4 /* MainScene.swift */; };
		A3B670BB1D21A3BE0022E6B4 /* CGFloat+Extensions.swift in Sources */ = {isa = PBXBuildFile; fileRef = A3B670AF1D21A3BE0022E6B4 /* CGFloat+Extensions.swift */; };
		A3B670BC1D21A3BE0022E6B4 /* CGPoint+Extensions.swift in Sources */ = {isa = PBXBuildFile; fileRef = A3B670B01D21A3BE0022E6B4 /* CGPoint+Extensions.swift */; };
		A3B670BD1D21A3BE0022E6B4 /* CGVector+Extensions.swift in Sources */ = {isa = PBXBuildFile; fileRef = A3B670B11D21A3BE0022E6B4 /* CGVector+Extensions.swift */; };
		A3B670BE1D21A3BE0022E6B4 /* Int+Extensions.swift in Sources */ = {isa = PBXBuildFile; fileRef = A3B670B21D21A3BE0022E6B4 /* Int+Extensions.swift */; };
		A3B670BF1D21A3BE0022E6B4 /* SKAction+Extensions.swift in Sources */ = {isa = PBXBuildFile; fileRef = A3B670B31D21A3BE0022E6B4 /* SKAction+Extensions.swift */; };
		A3B670C01D21A3BE0022E6B4 /* SKAction+SpecialEffects.swift in Sources */ = {isa = PBXBuildFile; fileRef = A3B670B41D21A3BE0022E6B4 /* SKAction+SpecialEffects.swift */; };
		A3B670C11D21A3BE0022E6B4 /* SKColor+Extensions.swift in Sources */ = {isa = PBXBuildFile; fileRef = A3B670B51D21A3BE0022E6B4 /* SKColor+Extensions.swift */; };
		A3B670C21D21A3BE0022E6B4 /* SKNode+Extensions.swift in Sources */ = {isa = PBXBuildFile; fileRef = A3B670B61D21A3BE0022E6B4 /* SKNode+Extensions.swift */; };
		A3B670C31D21A3BE0022E6B4 /* SKTAudio.swift in Sources */ = {isa = PBXBuildFile; fileRef = A3B670B71D21A3BE0022E6B4 /* SKTAudio.swift */; };
		A3B670C41D21A3BE0022E6B4 /* SKTEffects.swift in Sources */ = {isa = PBXBuildFile; fileRef = A3B670B81D21A3BE0022E6B4 /* SKTEffects.swift */; };
		A3B670C51D21A3BE0022E6B4 /* SKTTimingFunctions.swift in Sources */ = {isa = PBXBuildFile; fileRef = A3B670B91D21A3BE0022E6B4 /* SKTTimingFunctions.swift */; };
		A3B670C61D21A3BE0022E6B4 /* Vector3.swift in Sources */ = {isa = PBXBuildFile; fileRef = A3B670BA1D21A3BE0022E6B4 /* Vector3.swift */; };
/* End PBXBuildFile section */

/* Begin PBXContainerItemProxy section */
		A36B0E1C1D20E40900BD10C4 /* PBXContainerItemProxy */ = {
			isa = PBXContainerItemProxy;
			containerPortal = A36B0DFB1D20E40800BD10C4 /* Project object */;
			proxyType = 1;
			remoteGlobalIDString = A36B0E021D20E40800BD10C4;
			remoteInfo = PeevedPenguins;
		};
		A36B0E271D20E40900BD10C4 /* PBXContainerItemProxy */ = {
			isa = PBXContainerItemProxy;
			containerPortal = A36B0DFB1D20E40800BD10C4 /* Project object */;
			proxyType = 1;
			remoteGlobalIDString = A36B0E021D20E40800BD10C4;
			remoteInfo = PeevedPenguins;
		};
/* End PBXContainerItemProxy section */

/* Begin PBXFileReference section */
		A349A3651D21E50800B5E8C9 /* Level1.sks */ = {isa = PBXFileReference; lastKnownFileType = file.sks; path = Level1.sks; sourceTree = "<group>"; };
		A349A3671D232E8E00B5E8C9 /* SealExplosion.sks */ = {isa = PBXFileReference; lastKnownFileType = file.sks; path = SealExplosion.sks; sourceTree = "<group>"; };
		A349A3681D232E8E00B5E8C9 /* spark.png */ = {isa = PBXFileReference; lastKnownFileType = image.png; path = spark.png; sourceTree = "<group>"; };
		A349A36C1D2330FD00B5E8C9 /* sfx_seal.caf */ = {isa = PBXFileReference; lastKnownFileType = file; path = sfx_seal.caf; sourceTree = "<group>"; };
		A36B0E031D20E40800BD10C4 /* PeevedPenguins.app */ = {isa = PBXFileReference; explicitFileType = wrapper.application; includeInIndex = 0; path = PeevedPenguins.app; sourceTree = BUILT_PRODUCTS_DIR; };
		A36B0E061D20E40800BD10C4 /* AppDelegate.swift */ = {isa = PBXFileReference; lastKnownFileType = sourcecode.swift; path = AppDelegate.swift; sourceTree = "<group>"; };
		A36B0E081D20E40800BD10C4 /* GameScene.sks */ = {isa = PBXFileReference; lastKnownFileType = file.sks; path = GameScene.sks; sourceTree = "<group>"; };
		A36B0E0A1D20E40800BD10C4 /* GameScene.swift */ = {isa = PBXFileReference; lastKnownFileType = sourcecode.swift; path = GameScene.swift; sourceTree = "<group>"; };
		A36B0E0C1D20E40800BD10C4 /* GameViewController.swift */ = {isa = PBXFileReference; lastKnownFileType = sourcecode.swift; path = GameViewController.swift; sourceTree = "<group>"; };
		A36B0E0F1D20E40800BD10C4 /* Base */ = {isa = PBXFileReference; lastKnownFileType = file.storyboard; name = Base; path = Base.lproj/Main.storyboard; sourceTree = "<group>"; };
		A36B0E111D20E40900BD10C4 /* Assets.xcassets */ = {isa = PBXFileReference; lastKnownFileType = folder.assetcatalog; path = Assets.xcassets; sourceTree = "<group>"; };
		A36B0E141D20E40900BD10C4 /* Base */ = {isa = PBXFileReference; lastKnownFileType = file.storyboard; name = Base; path = Base.lproj/LaunchScreen.storyboard; sourceTree = "<group>"; };
		A36B0E161D20E40900BD10C4 /* Info.plist */ = {isa = PBXFileReference; lastKnownFileType = text.plist.xml; path = Info.plist; sourceTree = "<group>"; };
		A36B0E1B1D20E40900BD10C4 /* PeevedPenguinsTests.xctest */ = {isa = PBXFileReference; explicitFileType = wrapper.cfbundle; includeInIndex = 0; path = PeevedPenguinsTests.xctest; sourceTree = BUILT_PRODUCTS_DIR; };
		A36B0E1F1D20E40900BD10C4 /* PeevedPenguinsTests.swift */ = {isa = PBXFileReference; lastKnownFileType = sourcecode.swift; path = PeevedPenguinsTests.swift; sourceTree = "<group>"; };
		A36B0E211D20E40900BD10C4 /* Info.plist */ = {isa = PBXFileReference; lastKnownFileType = text.plist.xml; path = Info.plist; sourceTree = "<group>"; };
		A36B0E261D20E40900BD10C4 /* PeevedPenguinsUITests.xctest */ = {isa = PBXFileReference; explicitFileType = wrapper.cfbundle; includeInIndex = 0; path = PeevedPenguinsUITests.xctest; sourceTree = BUILT_PRODUCTS_DIR; };
		A36B0E2A1D20E40900BD10C4 /* PeevedPenguinsUITests.swift */ = {isa = PBXFileReference; lastKnownFileType = sourcecode.swift; path = PeevedPenguinsUITests.swift; sourceTree = "<group>"; };
		A36B0E2C1D20E40900BD10C4 /* Info.plist */ = {isa = PBXFileReference; lastKnownFileType = text.plist.xml; path = Info.plist; sourceTree = "<group>"; };
		A36B0E381D2185A300BD10C4 /* assets.atlas */ = {isa = PBXFileReference; lastKnownFileType = folder.skatlas; path = assets.atlas; sourceTree = "<group>"; };
		A36B0E3A1D21867000BD10C4 /* Bear.sks */ = {isa = PBXFileReference; lastKnownFileType = file.sks; path = Bear.sks; sourceTree = "<group>"; };
		A3B6709F1D2189FF0022E6B4 /* CharacterActions.sks */ = {isa = PBXFileReference; lastKnownFileType = file.sks; path = CharacterActions.sks; sourceTree = "<group>"; };
		A3B670A11D218D7B0022E6B4 /* Penguin.sks */ = {isa = PBXFileReference; lastKnownFileType = file.sks; path = Penguin.sks; sourceTree = "<group>"; };
		A3B670A31D218FF40022E6B4 /* nodes.swift */ = {isa = PBXFileReference; fileEncoding = 4; lastKnownFileType = sourcecode.swift; path = nodes.swift; sourceTree = "<group>"; };
		A3B670A51D2190AE0022E6B4 /* Seal.sks */ = {isa = PBXFileReference; lastKnownFileType = file.sks; path = Seal.sks; sourceTree = "<group>"; };
		A3B670A81D21943F0022E6B4 /* MainScene.sks */ = {isa = PBXFileReference; lastKnownFileType = file.sks; path = MainScene.sks; sourceTree = "<group>"; };
		A3B670AA1D21961F0022E6B4 /* MSButtonNode.swift */ = {isa = PBXFileReference; fileEncoding = 4; lastKnownFileType = sourcecode.swift; path = MSButtonNode.swift; sourceTree = "<group>"; };
		A3B670AC1D2198200022E6B4 /* MainScene.swift */ = {isa = PBXFileReference; fileEncoding = 4; lastKnownFileType = sourcecode.swift; path = MainScene.swift; sourceTree = "<group>"; };
		A3B670AF1D21A3BE0022E6B4 /* CGFloat+Extensions.swift */ = {isa = PBXFileReference; fileEncoding = 4; lastKnownFileType = sourcecode.swift; path = "CGFloat+Extensions.swift"; sourceTree = "<group>"; };
		A3B670B01D21A3BE0022E6B4 /* CGPoint+Extensions.swift */ = {isa = PBXFileReference; fileEncoding = 4; lastKnownFileType = sourcecode.swift; path = "CGPoint+Extensions.swift"; sourceTree = "<group>"; };
		A3B670B11D21A3BE0022E6B4 /* CGVector+Extensions.swift */ = {isa = PBXFileReference; fileEncoding = 4; lastKnownFileType = sourcecode.swift; path = "CGVector+Extensions.swift"; sourceTree = "<group>"; };
		A3B670B21D21A3BE0022E6B4 /* Int+Extensions.swift */ = {isa = PBXFileReference; fileEncoding = 4; lastKnownFileType = sourcecode.swift; path = "Int+Extensions.swift"; sourceTree = "<group>"; };
		A3B670B31D21A3BE0022E6B4 /* SKAction+Extensions.swift */ = {isa = PBXFileReference; fileEncoding = 4; lastKnownFileType = sourcecode.swift; path = "SKAction+Extensions.swift"; sourceTree = "<group>"; };
		A3B670B41D21A3BE0022E6B4 /* SKAction+SpecialEffects.swift */ = {isa = PBXFileReference; fileEncoding = 4; lastKnownFileType = sourcecode.swift; path = "SKAction+SpecialEffects.swift"; sourceTree = "<group>"; };
		A3B670B51D21A3BE0022E6B4 /* SKColor+Extensions.swift */ = {isa = PBXFileReference; fileEncoding = 4; lastKnownFileType = sourcecode.swift; path = "SKColor+Extensions.swift"; sourceTree = "<group>"; };
		A3B670B61D21A3BE0022E6B4 /* SKNode+Extensions.swift */ = {isa = PBXFileReference; fileEncoding = 4; lastKnownFileType = sourcecode.swift; path = "SKNode+Extensions.swift"; sourceTree = "<group>"; };
		A3B670B71D21A3BE0022E6B4 /* SKTAudio.swift */ = {isa = PBXFileReference; fileEncoding = 4; lastKnownFileType = sourcecode.swift; path = SKTAudio.swift; sourceTree = "<group>"; };
		A3B670B81D21A3BE0022E6B4 /* SKTEffects.swift */ = {isa = PBXFileReference; fileEncoding = 4; lastKnownFileType = sourcecode.swift; path = SKTEffects.swift; sourceTree = "<group>"; };
		A3B670B91D21A3BE0022E6B4 /* SKTTimingFunctions.swift */ = {isa = PBXFileReference; fileEncoding = 4; lastKnownFileType = sourcecode.swift; path = SKTTimingFunctions.swift; sourceTree = "<group>"; };
		A3B670BA1D21A3BE0022E6B4 /* Vector3.swift */ = {isa = PBXFileReference; fileEncoding = 4; lastKnownFileType = sourcecode.swift; path = Vector3.swift; sourceTree = "<group>"; };
/* End PBXFileReference section */

/* Begin PBXFrameworksBuildPhase section */
		A36B0E001D20E40800BD10C4 /* Frameworks */ = {
			isa = PBXFrameworksBuildPhase;
			buildActionMask = 2147483647;
			files = (
			);
			runOnlyForDeploymentPostprocessing = 0;
		};
		A36B0E181D20E40900BD10C4 /* Frameworks */ = {
			isa = PBXFrameworksBuildPhase;
			buildActionMask = 2147483647;
			files = (
			);
			runOnlyForDeploymentPostprocessing = 0;
		};
		A36B0E231D20E40900BD10C4 /* Frameworks */ = {
			isa = PBXFrameworksBuildPhase;
			buildActionMask = 2147483647;
			files = (
			);
			runOnlyForDeploymentPostprocessing = 0;
		};
/* End PBXFrameworksBuildPhase section */

/* Begin PBXGroup section */
		A349A3641D21E46300B5E8C9 /* Levels */ = {
			isa = PBXGroup;
			children = (
				A349A3651D21E50800B5E8C9 /* Level1.sks */,
			);
			name = Levels;
			sourceTree = "<group>";
		};
		A349A36B1D2330FD00B5E8C9 /* SFX 2 */ = {
			isa = PBXGroup;
			children = (
				A349A36C1D2330FD00B5E8C9 /* sfx_seal.caf */,
			);
			path = "SFX 2";
			sourceTree = "<group>";
		};
		A36B0DFA1D20E40800BD10C4 = {
			isa = PBXGroup;
			children = (
				A36B0E051D20E40800BD10C4 /* PeevedPenguins */,
				A36B0E1E1D20E40900BD10C4 /* PeevedPenguinsTests */,
				A36B0E291D20E40900BD10C4 /* PeevedPenguinsUITests */,
				A36B0E041D20E40800BD10C4 /* Products */,
			);
			sourceTree = "<group>";
		};
		A36B0E041D20E40800BD10C4 /* Products */ = {
			isa = PBXGroup;
			children = (
				A36B0E031D20E40800BD10C4 /* PeevedPenguins.app */,
				A36B0E1B1D20E40900BD10C4 /* PeevedPenguinsTests.xctest */,
				A36B0E261D20E40900BD10C4 /* PeevedPenguinsUITests.xctest */,
			);
			name = Products;
			sourceTree = "<group>";
		};
		A36B0E051D20E40800BD10C4 /* PeevedPenguins */ = {
			isa = PBXGroup;
			children = (
				A36B0E381D2185A300BD10C4 /* assets.atlas */,
				A36B0E061D20E40800BD10C4 /* AppDelegate.swift */,
				A3B670A71D2193290022E6B4 /* objects */,
				A3B670A31D218FF40022E6B4 /* nodes.swift */,
				A3B6709F1D2189FF0022E6B4 /* CharacterActions.sks */,
				A349A3641D21E46300B5E8C9 /* Levels */,
				A36B0E081D20E40800BD10C4 /* GameScene.sks */,
				A3B670A81D21943F0022E6B4 /* MainScene.sks */,
				A349A36B1D2330FD00B5E8C9 /* SFX 2 */,
				A3B670AA1D21961F0022E6B4 /* MSButtonNode.swift */,
				A36B0E0A1D20E40800BD10C4 /* GameScene.swift */,
				A349A3671D232E8E00B5E8C9 /* SealExplosion.sks */,
				A349A3681D232E8E00B5E8C9 /* spark.png */,
				A3B670AE1D21A3BE0022E6B4 /* SKTUtils */,
				A36B0E0C1D20E40800BD10C4 /* GameViewController.swift */,
				A3B670AC1D2198200022E6B4 /* MainScene.swift */,
				A36B0E0E1D20E40800BD10C4 /* Main.storyboard */,
				A36B0E111D20E40900BD10C4 /* Assets.xcassets */,
				A36B0E131D20E40900BD10C4 /* LaunchScreen.storyboard */,
				A36B0E161D20E40900BD10C4 /* Info.plist */,
			);
			path = PeevedPenguins;
			sourceTree = "<group>";
		};
		A36B0E1E1D20E40900BD10C4 /* PeevedPenguinsTests */ = {
			isa = PBXGroup;
			children = (
				A36B0E1F1D20E40900BD10C4 /* PeevedPenguinsTests.swift */,
				A36B0E211D20E40900BD10C4 /* Info.plist */,
			);
			path = PeevedPenguinsTests;
			sourceTree = "<group>";
		};
		A36B0E291D20E40900BD10C4 /* PeevedPenguinsUITests */ = {
			isa = PBXGroup;
			children = (
				A36B0E2A1D20E40900BD10C4 /* PeevedPenguinsUITests.swift */,
				A36B0E2C1D20E40900BD10C4 /* Info.plist */,
			);
			path = PeevedPenguinsUITests;
			sourceTree = "<group>";
		};
		A3B670A71D2193290022E6B4 /* objects */ = {
			isa = PBXGroup;
			children = (
				A3B670A11D218D7B0022E6B4 /* Penguin.sks */,
				A36B0E3A1D21867000BD10C4 /* Bear.sks */,
				A3B670A51D2190AE0022E6B4 /* Seal.sks */,
			);
			name = objects;
			sourceTree = "<group>";
		};
		A3B670AE1D21A3BE0022E6B4 /* SKTUtils */ = {
			isa = PBXGroup;
			children = (
				A3B670AF1D21A3BE0022E6B4 /* CGFloat+Extensions.swift */,
				A3B670B01D21A3BE0022E6B4 /* CGPoint+Extensions.swift */,
				A3B670B11D21A3BE0022E6B4 /* CGVector+Extensions.swift */,
				A3B670B21D21A3BE0022E6B4 /* Int+Extensions.swift */,
				A3B670B31D21A3BE0022E6B4 /* SKAction+Extensions.swift */,
				A3B670B41D21A3BE0022E6B4 /* SKAction+SpecialEffects.swift */,
				A3B670B51D21A3BE0022E6B4 /* SKColor+Extensions.swift */,
				A3B670B61D21A3BE0022E6B4 /* SKNode+Extensions.swift */,
				A3B670B71D21A3BE0022E6B4 /* SKTAudio.swift */,
				A3B670B81D21A3BE0022E6B4 /* SKTEffects.swift */,
				A3B670B91D21A3BE0022E6B4 /* SKTTimingFunctions.swift */,
				A3B670BA1D21A3BE0022E6B4 /* Vector3.swift */,
			);
			path = SKTUtils;
			sourceTree = "<group>";
		};
/* End PBXGroup section */

/* Begin PBXNativeTarget section */
		A36B0E021D20E40800BD10C4 /* PeevedPenguins */ = {
			isa = PBXNativeTarget;
			buildConfigurationList = A36B0E2F1D20E40900BD10C4 /* Build configuration list for PBXNativeTarget "PeevedPenguins" */;
			buildPhases = (
				A36B0DFF1D20E40800BD10C4 /* Sources */,
				A36B0E001D20E40800BD10C4 /* Frameworks */,
				A36B0E011D20E40800BD10C4 /* Resources */,
			);
			buildRules = (
			);
			dependencies = (
			);
			name = PeevedPenguins;
			productName = PeevedPenguins;
			productReference = A36B0E031D20E40800BD10C4 /* PeevedPenguins.app */;
			productType = "com.apple.product-type.application";
		};
		A36B0E1A1D20E40900BD10C4 /* PeevedPenguinsTests */ = {
			isa = PBXNativeTarget;
			buildConfigurationList = A36B0E321D20E40900BD10C4 /* Build configuration list for PBXNativeTarget "PeevedPenguinsTests" */;
			buildPhases = (
				A36B0E171D20E40900BD10C4 /* Sources */,
				A36B0E181D20E40900BD10C4 /* Frameworks */,
				A36B0E191D20E40900BD10C4 /* Resources */,
			);
			buildRules = (
			);
			dependencies = (
				A36B0E1D1D20E40900BD10C4 /* PBXTargetDependency */,
			);
			name = PeevedPenguinsTests;
			productName = PeevedPenguinsTests;
			productReference = A36B0E1B1D20E40900BD10C4 /* PeevedPenguinsTests.xctest */;
			productType = "com.apple.product-type.bundle.unit-test";
		};
		A36B0E251D20E40900BD10C4 /* PeevedPenguinsUITests */ = {
			isa = PBXNativeTarget;
			buildConfigurationList = A36B0E351D20E40900BD10C4 /* Build configuration list for PBXNativeTarget "PeevedPenguinsUITests" */;
			buildPhases = (
				A36B0E221D20E40900BD10C4 /* Sources */,
				A36B0E231D20E40900BD10C4 /* Frameworks */,
				A36B0E241D20E40900BD10C4 /* Resources */,
			);
			buildRules = (
			);
			dependencies = (
				A36B0E281D20E40900BD10C4 /* PBXTargetDependency */,
			);
			name = PeevedPenguinsUITests;
			productName = PeevedPenguinsUITests;
			productReference = A36B0E261D20E40900BD10C4 /* PeevedPenguinsUITests.xctest */;
			productType = "com.apple.product-type.bundle.ui-testing";
		};
/* End PBXNativeTarget section */

/* Begin PBXProject section */
		A36B0DFB1D20E40800BD10C4 /* Project object */ = {
			isa = PBXProject;
			attributes = {
				LastSwiftUpdateCheck = 0730;
				LastUpgradeCheck = 0730;
				ORGANIZATIONNAME = "Michael Hsieh";
				TargetAttributes = {
					A36B0E021D20E40800BD10C4 = {
						CreatedOnToolsVersion = 7.3.1;
					};
					A36B0E1A1D20E40900BD10C4 = {
						CreatedOnToolsVersion = 7.3.1;
						TestTargetID = A36B0E021D20E40800BD10C4;
					};
					A36B0E251D20E40900BD10C4 = {
						CreatedOnToolsVersion = 7.3.1;
						TestTargetID = A36B0E021D20E40800BD10C4;
					};
				};
			};
			buildConfigurationList = A36B0DFE1D20E40800BD10C4 /* Build configuration list for PBXProject "PeevedPenguins" */;
			compatibilityVersion = "Xcode 3.2";
			developmentRegion = English;
			hasScannedForEncodings = 0;
			knownRegions = (
				en,
				Base,
			);
			mainGroup = A36B0DFA1D20E40800BD10C4;
			productRefGroup = A36B0E041D20E40800BD10C4 /* Products */;
			projectDirPath = "";
			projectRoot = "";
			targets = (
				A36B0E021D20E40800BD10C4 /* PeevedPenguins */,
				A36B0E1A1D20E40900BD10C4 /* PeevedPenguinsTests */,
				A36B0E251D20E40900BD10C4 /* PeevedPenguinsUITests */,
			);
		};
/* End PBXProject section */

/* Begin PBXResourcesBuildPhase section */
		A36B0E011D20E40800BD10C4 /* Resources */ = {
			isa = PBXResourcesBuildPhase;
			buildActionMask = 2147483647;
			files = (
				A3B670A61D2190AE0022E6B4 /* Seal.sks in Resources */,
				A3B670A21D218D7B0022E6B4 /* Penguin.sks in Resources */,
				A349A3691D232E8E00B5E8C9 /* SealExplosion.sks in Resources */,
				A36B0E091D20E40800BD10C4 /* GameScene.sks in Resources */,
				A36B0E151D20E40900BD10C4 /* LaunchScreen.storyboard in Resources */,
				A349A36A1D232E8E00B5E8C9 /* spark.png in Resources */,
				A36B0E121D20E40900BD10C4 /* Assets.xcassets in Resources */,
				A36B0E3B1D21867000BD10C4 /* Bear.sks in Resources */,
				A36B0E391D2185A300BD10C4 /* assets.atlas in Resources */,
				A349A36D1D2330FD00B5E8C9 /* sfx_seal.caf in Resources */,
				A3B670A91D21943F0022E6B4 /* MainScene.sks in Resources */,
				A36B0E101D20E40800BD10C4 /* Main.storyboard in Resources */,
				A349A3661D21E50800B5E8C9 /* Level1.sks in Resources */,
				A3B670A01D2189FF0022E6B4 /* CharacterActions.sks in Resources */,
			);
			runOnlyForDeploymentPostprocessing = 0;
		};
		A36B0E191D20E40900BD10C4 /* Resources */ = {
			isa = PBXResourcesBuildPhase;
			buildActionMask = 2147483647;
			files = (
			);
			runOnlyForDeploymentPostprocessing = 0;
		};
		A36B0E241D20E40900BD10C4 /* Resources */ = {
			isa = PBXResourcesBuildPhase;
			buildActionMask = 2147483647;
			files = (
			);
			runOnlyForDeploymentPostprocessing = 0;
		};
/* End PBXResourcesBuildPhase section */

/* Begin PBXSourcesBuildPhase section */
		A36B0DFF1D20E40800BD10C4 /* Sources */ = {
			isa = PBXSourcesBuildPhase;
			buildActionMask = 2147483647;
			files = (
				A36B0E0B1D20E40800BD10C4 /* GameScene.swift in Sources */,
				A3B670C51D21A3BE0022E6B4 /* SKTTimingFunctions.swift in Sources */,
				A36B0E0D1D20E40800BD10C4 /* GameViewController.swift in Sources */,
				A3B670BD1D21A3BE0022E6B4 /* CGVector+Extensions.swift in Sources */,
				A3B670BC1D21A3BE0022E6B4 /* CGPoint+Extensions.swift in Sources */,
				A3B670BB1D21A3BE0022E6B4 /* CGFloat+Extensions.swift in Sources */,
				A36B0E071D20E40800BD10C4 /* AppDelegate.swift in Sources */,
				A3B670C31D21A3BE0022E6B4 /* SKTAudio.swift in Sources */,
				A3B670AD1D2198200022E6B4 /* MainScene.swift in Sources */,
				A3B670C21D21A3BE0022E6B4 /* SKNode+Extensions.swift in Sources */,
				A3B670BF1D21A3BE0022E6B4 /* SKAction+Extensions.swift in Sources */,
				A3B670C01D21A3BE0022E6B4 /* SKAction+SpecialEffects.swift in Sources */,
				A3B670A41D218FF40022E6B4 /* nodes.swift in Sources */,
				A3B670AB1D21961F0022E6B4 /* MSButtonNode.swift in Sources */,
				A3B670C41D21A3BE0022E6B4 /* SKTEffects.swift in Sources */,
				A3B670BE1D21A3BE0022E6B4 /* Int+Extensions.swift in Sources */,
				A3B670C61D21A3BE0022E6B4 /* Vector3.swift in Sources */,
				A3B670C11D21A3BE0022E6B4 /* SKColor+Extensions.swift in Sources */,
			);
			runOnlyForDeploymentPostprocessing = 0;
		};
		A36B0E171D20E40900BD10C4 /* Sources */ = {
			isa = PBXSourcesBuildPhase;
			buildActionMask = 2147483647;
			files = (
				A36B0E201D20E40900BD10C4 /* PeevedPenguinsTests.swift in Sources */,
			);
			runOnlyForDeploymentPostprocessing = 0;
		};
		A36B0E221D20E40900BD10C4 /* Sources */ = {
			isa = PBXSourcesBuildPhase;
			buildActionMask = 2147483647;
			files = (
				A36B0E2B1D20E40900BD10C4 /* PeevedPenguinsUITests.swift in Sources */,
			);
			runOnlyForDeploymentPostprocessing = 0;
		};
/* End PBXSourcesBuildPhase section */

/* Begin PBXTargetDependency section */
		A36B0E1D1D20E40900BD10C4 /* PBXTargetDependency */ = {
			isa = PBXTargetDependency;
			target = A36B0E021D20E40800BD10C4 /* PeevedPenguins */;
			targetProxy = A36B0E1C1D20E40900BD10C4 /* PBXContainerItemProxy */;
		};
		A36B0E281D20E40900BD10C4 /* PBXTargetDependency */ = {
			isa = PBXTargetDependency;
			target = A36B0E021D20E40800BD10C4 /* PeevedPenguins */;
			targetProxy = A36B0E271D20E40900BD10C4 /* PBXContainerItemProxy */;
		};
/* End PBXTargetDependency section */

/* Begin PBXVariantGroup section */
		A36B0E0E1D20E40800BD10C4 /* Main.storyboard */ = {
			isa = PBXVariantGroup;
			children = (
				A36B0E0F1D20E40800BD10C4 /* Base */,
			);
			name = Main.storyboard;
			sourceTree = "<group>";
		};
		A36B0E131D20E40900BD10C4 /* LaunchScreen.storyboard */ = {
			isa = PBXVariantGroup;
			children = (
				A36B0E141D20E40900BD10C4 /* Base */,
			);
			name = LaunchScreen.storyboard;
			sourceTree = "<group>";
		};
/* End PBXVariantGroup section */

/* Begin XCBuildConfiguration section */
		A36B0E2D1D20E40900BD10C4 /* Debug */ = {
			isa = XCBuildConfiguration;
			buildSettings = {
				ALWAYS_SEARCH_USER_PATHS = NO;
				CLANG_ANALYZER_NONNULL = YES;
				CLANG_CXX_LANGUAGE_STANDARD = "gnu++0x";
				CLANG_CXX_LIBRARY = "libc++";
				CLANG_ENABLE_MODULES = YES;
				CLANG_ENABLE_OBJC_ARC = YES;
				CLANG_WARN_BOOL_CONVERSION = YES;
				CLANG_WARN_CONSTANT_CONVERSION = YES;
				CLANG_WARN_DIRECT_OBJC_ISA_USAGE = YES_ERROR;
				CLANG_WARN_EMPTY_BODY = YES;
				CLANG_WARN_ENUM_CONVERSION = YES;
				CLANG_WARN_INT_CONVERSION = YES;
				CLANG_WARN_OBJC_ROOT_CLASS = YES_ERROR;
				CLANG_WARN_UNREACHABLE_CODE = YES;
				CLANG_WARN__DUPLICATE_METHOD_MATCH = YES;
				"CODE_SIGN_IDENTITY[sdk=iphoneos*]" = "iPhone Developer";
				COPY_PHASE_STRIP = NO;
				DEBUG_INFORMATION_FORMAT = "dwarf-with-dsym";
				ENABLE_STRICT_OBJC_MSGSEND = YES;
				ENABLE_TESTABILITY = YES;
				GCC_C_LANGUAGE_STANDARD = gnu99;
				GCC_DYNAMIC_NO_PIC = NO;
				GCC_NO_COMMON_BLOCKS = YES;
				GCC_OPTIMIZATION_LEVEL = 0;
				GCC_PREPROCESSOR_DEFINITIONS = (
					"DEBUG=1",
					"$(inherited)",
				);
				GCC_WARN_64_TO_32_BIT_CONVERSION = YES;
				GCC_WARN_ABOUT_RETURN_TYPE = YES_ERROR;
				GCC_WARN_UNDECLARED_SELECTOR = YES;
				GCC_WARN_UNINITIALIZED_AUTOS = YES_AGGRESSIVE;
				GCC_WARN_UNUSED_FUNCTION = YES;
				GCC_WARN_UNUSED_VARIABLE = YES;
				IPHONEOS_DEPLOYMENT_TARGET = 9.3;
				MTL_ENABLE_DEBUG_INFO = YES;
				ONLY_ACTIVE_ARCH = YES;
				SDKROOT = iphoneos;
				SWIFT_OPTIMIZATION_LEVEL = "-Onone";
				TARGETED_DEVICE_FAMILY = "1,2";
			};
			name = Debug;
		};
		A36B0E2E1D20E40900BD10C4 /* Release */ = {
			isa = XCBuildConfiguration;
			buildSettings = {
				ALWAYS_SEARCH_USER_PATHS = NO;
				CLANG_ANALYZER_NONNULL = YES;
				CLANG_CXX_LANGUAGE_STANDARD = "gnu++0x";
				CLANG_CXX_LIBRARY = "libc++";
				CLANG_ENABLE_MODULES = YES;
				CLANG_ENABLE_OBJC_ARC = YES;
				CLANG_WARN_BOOL_CONVERSION = YES;
				CLANG_WARN_CONSTANT_CONVERSION = YES;
				CLANG_WARN_DIRECT_OBJC_ISA_USAGE = YES_ERROR;
				CLANG_WARN_EMPTY_BODY = YES;
				CLANG_WARN_ENUM_CONVERSION = YES;
				CLANG_WARN_INT_CONVERSION = YES;
				CLANG_WARN_OBJC_ROOT_CLASS = YES_ERROR;
				CLANG_WARN_UNREACHABLE_CODE = YES;
				CLANG_WARN__DUPLICATE_METHOD_MATCH = YES;
				"CODE_SIGN_IDENTITY[sdk=iphoneos*]" = "iPhone Developer";
				COPY_PHASE_STRIP = NO;
				DEBUG_INFORMATION_FORMAT = "dwarf-with-dsym";
				ENABLE_NS_ASSERTIONS = NO;
				ENABLE_STRICT_OBJC_MSGSEND = YES;
				GCC_C_LANGUAGE_STANDARD = gnu99;
				GCC_NO_COMMON_BLOCKS = YES;
				GCC_WARN_64_TO_32_BIT_CONVERSION = YES;
				GCC_WARN_ABOUT_RETURN_TYPE = YES_ERROR;
				GCC_WARN_UNDECLARED_SELECTOR = YES;
				GCC_WARN_UNINITIALIZED_AUTOS = YES_AGGRESSIVE;
				GCC_WARN_UNUSED_FUNCTION = YES;
				GCC_WARN_UNUSED_VARIABLE = YES;
				IPHONEOS_DEPLOYMENT_TARGET = 9.3;
				MTL_ENABLE_DEBUG_INFO = NO;
				SDKROOT = iphoneos;
				TARGETED_DEVICE_FAMILY = "1,2";
				VALIDATE_PRODUCT = YES;
			};
			name = Release;
		};
		A36B0E301D20E40900BD10C4 /* Debug */ = {
			isa = XCBuildConfiguration;
			buildSettings = {
				ASSETCATALOG_COMPILER_APPICON_NAME = AppIcon;
				INFOPLIST_FILE = PeevedPenguins/Info.plist;
				LD_RUNPATH_SEARCH_PATHS = "$(inherited) @executable_path/Frameworks";
				PRODUCT_BUNDLE_IDENTIFIER = com.makeschool.PeevedPenguins;
				PRODUCT_NAME = "$(TARGET_NAME)";
			};
			name = Debug;
		};
		A36B0E311D20E40900BD10C4 /* Release */ = {
			isa = XCBuildConfiguration;
			buildSettings = {
				ASSETCATALOG_COMPILER_APPICON_NAME = AppIcon;
				INFOPLIST_FILE = PeevedPenguins/Info.plist;
				LD_RUNPATH_SEARCH_PATHS = "$(inherited) @executable_path/Frameworks";
				PRODUCT_BUNDLE_IDENTIFIER = com.makeschool.PeevedPenguins;
				PRODUCT_NAME = "$(TARGET_NAME)";
			};
			name = Release;
		};
		A36B0E331D20E40900BD10C4 /* Debug */ = {
			isa = XCBuildConfiguration;
			buildSettings = {
				BUNDLE_LOADER = "$(TEST_HOST)";
				DEBUG_INFORMATION_FORMAT = dwarf;
				INFOPLIST_FILE = PeevedPenguinsTests/Info.plist;
				LD_RUNPATH_SEARCH_PATHS = "$(inherited) @executable_path/Frameworks @loader_path/Frameworks";
				PRODUCT_BUNDLE_IDENTIFIER = com.makeschool.PeevedPenguinsTests;
				PRODUCT_NAME = "$(TARGET_NAME)";
				TEST_HOST = "$(BUILT_PRODUCTS_DIR)/PeevedPenguins.app/PeevedPenguins";
			};
			name = Debug;
		};
		A36B0E341D20E40900BD10C4 /* Release */ = {
			isa = XCBuildConfiguration;
			buildSettings = {
				BUNDLE_LOADER = "$(TEST_HOST)";
				INFOPLIST_FILE = PeevedPenguinsTests/Info.plist;
				LD_RUNPATH_SEARCH_PATHS = "$(inherited) @executable_path/Frameworks @loader_path/Frameworks";
				PRODUCT_BUNDLE_IDENTIFIER = com.makeschool.PeevedPenguinsTests;
				PRODUCT_NAME = "$(TARGET_NAME)";
				TEST_HOST = "$(BUILT_PRODUCTS_DIR)/PeevedPenguins.app/PeevedPenguins";
			};
			name = Release;
		};
		A36B0E361D20E40900BD10C4 /* Debug */ = {
			isa = XCBuildConfiguration;
			buildSettings = {
				DEBUG_INFORMATION_FORMAT = dwarf;
				INFOPLIST_FILE = PeevedPenguinsUITests/Info.plist;
				LD_RUNPATH_SEARCH_PATHS = "$(inherited) @executable_path/Frameworks @loader_path/Frameworks";
				PRODUCT_BUNDLE_IDENTIFIER = com.makeschool.PeevedPenguinsUITests;
				PRODUCT_NAME = "$(TARGET_NAME)";
				TEST_TARGET_NAME = PeevedPenguins;
			};
			name = Debug;
		};
		A36B0E371D20E40900BD10C4 /* Release */ = {
			isa = XCBuildConfiguration;
			buildSettings = {
				INFOPLIST_FILE = PeevedPenguinsUITests/Info.plist;
				LD_RUNPATH_SEARCH_PATHS = "$(inherited) @executable_path/Frameworks @loader_path/Frameworks";
				PRODUCT_BUNDLE_IDENTIFIER = com.makeschool.PeevedPenguinsUITests;
				PRODUCT_NAME = "$(TARGET_NAME)";
				TEST_TARGET_NAME = PeevedPenguins;
			};
			name = Release;
		};
/* End XCBuildConfiguration section */

/* Begin XCConfigurationList section */
		A36B0DFE1D20E40800BD10C4 /* Build configuration list for PBXProject "PeevedPenguins" */ = {
			isa = XCConfigurationList;
			buildConfigurations = (
				A36B0E2D1D20E40900BD10C4 /* Debug */,
				A36B0E2E1D20E40900BD10C4 /* Release */,
			);
			defaultConfigurationIsVisible = 0;
			defaultConfigurationName = Release;
		};
		A36B0E2F1D20E40900BD10C4 /* Build configuration list for PBXNativeTarget "PeevedPenguins" */ = {
			isa = XCConfigurationList;
			buildConfigurations = (
				A36B0E301D20E40900BD10C4 /* Debug */,
				A36B0E311D20E40900BD10C4 /* Release */,
			);
			defaultConfigurationIsVisible = 0;
			defaultConfigurationName = Release;
		};
		A36B0E321D20E40900BD10C4 /* Build configuration list for PBXNativeTarget "PeevedPenguinsTests" */ = {
			isa = XCConfigurationList;
			buildConfigurations = (
				A36B0E331D20E40900BD10C4 /* Debug */,
				A36B0E341D20E40900BD10C4 /* Release */,
			);
			defaultConfigurationIsVisible = 0;
			defaultConfigurationName = Release;
		};
		A36B0E351D20E40900BD10C4 /* Build configuration list for PBXNativeTarget "PeevedPenguinsUITests" */ = {
			isa = XCConfigurationList;
			buildConfigurations = (
				A36B0E361D20E40900BD10C4 /* Debug */,
				A36B0E371D20E40900BD10C4 /* Release */,
			);
			defaultConfigurationIsVisible = 0;
			defaultConfigurationName = Release;
		};
/* End XCConfigurationList section */
	};
	rootObject = A36B0DFB1D20E40800BD10C4 /* Project object */;
}
